{
  "requires": true,
  "lockfileVersion": 1,
  "dependencies": {
    "primeicons": {
      "version": "1.0.0-beta.9",
      "resolved": "https://registry.npmjs.org/primeicons/-/primeicons-1.0.0-beta.9.tgz",
      "integrity": "sha512-tZUb8bcUhWrqIfojgXzqy0U8ZN3ccmIPKV3S/Z215i+g6LfsvwTtJ9RMAxca1FLCiw/SAiMIF7ofReGem4V1zg=="
    },
    "primeng": {
      "version": "6.0.0",
      "resolved": "https://registry.npmjs.org/primeng/-/primeng-6.0.0.tgz",
      "integrity": "sha512-NEp5cf6KSJ2b6GSJ3E3U0P8/YqXUGIuB15RyehE9Vw0ehmEhdIKGO+moZhWst6M5t9wJ0Ww/1WWRCnjEKa+i6A=="
    }
  }
}
